
Microsoft Visual Studio Solution File, Format Version 12.00
# Visual Studio 15
VisualStudioVersion = 15.0.27703.2000
MinimumVisualStudioVersion = 10.0.40219.1
Project("{FAE04EC0-301F-11D3-BF4B-00C04F79EFBC}") = "ProceduralTextAdventure", "ProceduralTextAdventure\ProceduralTextAdventure.csproj", "{98EE026F-18AF-46E1-9F9B-845B5567A054}"
EndProject
Global
	GlobalSection(SolutionConfigurationPlatforms) = preSolution
		Debug|Any CPU = Debug|Any CPU
		Release|Any CPU = Release|Any CPU
	EndGlobalSection
	GlobalSection(ProjectConfigurationPlatforms) = postSolution
		{98EE026F-18AF-46E1-9F9B-845B5567A054}.Debug|Any CPU.ActiveCfg = Debug|Any CPU
		{98EE026F-18AF-46E1-9F9B-845B5567A054}.Debug|Any CPU.Build.0 = Debug|Any CPU
		{98EE026F-18AF-46E1-9F9B-845B5567A054}.Release|Any CPU.ActiveCfg = Release|Any CPU
		{98EE026F-18AF-46E1-9F9B-845B5567A054}.Release|Any CPU.Build.0 = Release|Any CPU
	EndGlobalSection
	GlobalSection(SolutionProperties) = preSolution
		HideSolutionNode = FALSE
	EndGlobalSection
	GlobalSection(ExtensibilityGlobals) = postSolution
		SolutionGuid = {BFDADE53-1BAB-48B2-A50A-0B4D1E304861}
	EndGlobalSection
EndGlobal
